
Microsoft Visual Studio Solution File, Format Version 12.00
# Visual Studio Version 17
VisualStudioVersion = 17.0.32014.148
MinimumVisualStudioVersion = 10.0.40219.1
Project("{9A19103F-16F7-4668-BE54-9A1E7A4F7556}") = "TestHelpers", "TestHelpers\TestHelpers.csproj", "{D29E09E3-ED8F-436E-8CAA-967573E8D6AF}"
EndProject
Project("{9A19103F-16F7-4668-BE54-9A1E7A4F7556}") = "SampleTests", "SampleTests\SampleTests.csproj", "{C40AA023-068E-46E5-86DF-67DF00CDD320}"
EndProject
Project("{2150E333-8FDC-42A3-9474-1A3956D46DE8}") = "Solution Items", "Solution Items", "{7B9E2F1B-EE80-4481-B49F-D93A1138AF4B}"
	ProjectSection(SolutionItems) = preProject
		azure-pipelines.yml = azure-pipelines.yml
	EndProjectSection
EndProject
Global
	GlobalSection(SolutionConfigurationPlatforms) = preSolution
		Debug|Any CPU = Debug|Any CPU
		Release|Any CPU = Release|Any CPU
	EndGlobalSection
	GlobalSection(ProjectConfigurationPlatforms) = postSolution
		{D29E09E3-ED8F-436E-8CAA-967573E8D6AF}.Debug|Any CPU.ActiveCfg = Debug|Any CPU
		{D29E09E3-ED8F-436E-8CAA-967573E8D6AF}.Debug|Any CPU.Build.0 = Debug|Any CPU
		{D29E09E3-ED8F-436E-8CAA-967573E8D6AF}.Release|Any CPU.ActiveCfg = Release|Any CPU
		{D29E09E3-ED8F-436E-8CAA-967573E8D6AF}.Release|Any CPU.Build.0 = Release|Any CPU
		{C40AA023-068E-46E5-86DF-67DF00CDD320}.Debug|Any CPU.ActiveCfg = Debug|Any CPU
		{C40AA023-068E-46E5-86DF-67DF00CDD320}.Debug|Any CPU.Build.0 = Debug|Any CPU
		{C40AA023-068E-46E5-86DF-67DF00CDD320}.Release|Any CPU.ActiveCfg = Release|Any CPU
	EndGlobalSection
	GlobalSection(SolutionProperties) = preSolution
		HideSolutionNode = FALSE
	EndGlobalSection
	GlobalSection(ExtensibilityGlobals) = postSolution
		SolutionGuid = {6AA8254E-5119-4684-95C5-C3702AEBE6B2}
	EndGlobalSection
EndGlobal
